<?xml version="1.0" encoding="utf-8"?>
<Project ToolsVersion="4.0" xmlns="http://schemas.microsoft.com/developer/msbuild/2003">
  <ItemGroup>
    <Filter Include="Source Files">
      <UniqueIdentifier>{4FC737F1-C7A5-4376-A066-2A32D752A2FF}</UniqueIdentifier>
      <Extensions>cpp;c;cc;cxx;c++;cppm;ixx;def;odl;idl;hpj;bat;asm;asmx</Extensions>
    </Filter>
    <Filter Include="Header Files">
      <UniqueIdentifier>{93995380-89BD-4b04-88EB-625FBE52EBFB}</UniqueIdentifier>
      <Extensions>h;hh;hpp;hxx;h++;hm;inl;inc;ipp;xsd</Extensions>
    </Filter>
    <Filter Include="Resource Files">
      <UniqueIdentifier>{67DA6AB6-F800-4c08-8B7A-83BB121AAD01}</UniqueIdentifier>
      <Extensions>rc;ico;cur;bmp;dlg;rc2;rct;bin;rgs;gif;jpg;jpeg;jpe;resx;tiff;tif;png;wav;mfcribbon-ms</Extensions>
    </Filter>
    <Filter Include="Header Files\Rendering">
      <UniqueIdentifier>{00ec2836-1837-484f-a2b7-3f4b2c0f04a3}</UniqueIdentifier>
    </Filter>
    <Filter Include="Source Files\Rendering">
      <UniqueIdentifier>{1b5e127f-f6cd-4a39-a2c4-554736b2e20f}</UniqueIdentifier>
    </Filter>
    <Filter Include="Header Files\Core">
      <UniqueIdentifier>{58cdac97-a0c0-450c-92e2-42085133f1f9}</UniqueIdentifier>
    </Filter>
    <Filter Include="Source Files\Core">
      <UniqueIdentifier>{a8431118-58b9-4638-b801-62770bb89b3a}</UniqueIdentifier>
    </Filter>
    <Filter Include="Assets">
      <UniqueIdentifier>{8e245d8b-515d-4558-93d2-9939c42bbb0e}</UniqueIdentifier>
    </Filter>
    <Filter Include="Assets\Shaders">
      <UniqueIdentifier>{7a531df8-2bb6-4c26-8aa7-0047fc2ad798}</UniqueIdentifier>
    </Filter>
    <Filter Include="Header Files\Testing">
      <UniqueIdentifier>{fde15f3c-6e4c-4a0b-9e3c-5d5627e9d50b}</UniqueIdentifier>
    </Filter>
    <Filter Include="Header Files\Assets">
      <UniqueIdentifier>{2cc88e00-ddc0-4117-b9ea-2c7a55266228}</UniqueIdentifier>
    </Filter>
    <Filter Include="Source Files\Assets">
      <UniqueIdentifier>{72ca4c44-7ca6-4bac-bd96-c549aea69826}</UniqueIdentifier>
    </Filter>
    <Filter Include="Header Files\Rendering\Api">
      <UniqueIdentifier>{57bef42d-dc4c-49fa-a21e-b329999d3c35}</UniqueIdentifier>
    </Filter>
    <Filter Include="Header Files\Rendering\Graph">
      <UniqueIdentifier>{7b44c15c-86f3-4715-bcd0-db3c4e902acc}</UniqueIdentifier>
    </Filter>
    <Filter Include="Header Files\Interfaces">
      <UniqueIdentifier>{1049df2c-c93b-497a-8a9d-f9e7379dbb98}</UniqueIdentifier>
    </Filter>
    <Filter Include="Source Files\Rendering\Api">
      <UniqueIdentifier>{741d014d-2682-4159-8626-65d5a8c6af67}</UniqueIdentifier>
    </Filter>
    <Filter Include="Source Files\Rendering\Graph">
      <UniqueIdentifier>{c964976b-4372-4dd6-92ca-8b5e8c1506f9}</UniqueIdentifier>
    </Filter>
  </ItemGroup>
  <ItemGroup>
    <ClCompile Include="ModelLoader.cpp">
      <Filter>Source Files\Assets</Filter>
    </ClCompile>
    <ClCompile Include="coldstone.cpp">
      <Filter>Source Files\Core</Filter>
    </ClCompile>
    <ClCompile Include="Input.cpp">
      <Filter>Source Files\Core</Filter>
    </ClCompile>
    <ClCompile Include="Camera.cpp">
      <Filter>Source Files\Core</Filter>
    </ClCompile>
    <ClCompile Include="GameObject.cpp">
      <Filter>Source Files\Core</Filter>
    </ClCompile>
    <ClCompile Include="GLCommandBuffer.cpp">
      <Filter>Source Files\Rendering\Api</Filter>
    </ClCompile>
    <ClCompile Include="GLResourcePool.cpp">
      <Filter>Source Files\Rendering\Api</Filter>
    </ClCompile>
    <ClCompile Include="GLFramebuffer.cpp">
      <Filter>Source Files\Rendering\Api</Filter>
    </ClCompile>
    <ClCompile Include="Shader.cpp">
      <Filter>Source Files\Rendering\Api</Filter>
    </ClCompile>
    <ClCompile Include="RenderGraph.cpp">
      <Filter>Source Files\Rendering\Graph</Filter>
    </ClCompile>
    <ClCompile Include="RGBuilder.cpp">
      <Filter>Source Files\Rendering\Graph</Filter>
    </ClCompile>
    <ClCompile Include="RGRegistry.cpp">
      <Filter>Source Files\Rendering\Graph</Filter>
    </ClCompile>
    <ClCompile Include="TextRenderer.cpp">
      <Filter>Source Files\Rendering</Filter>
    </ClCompile>
  </ItemGroup>
  <ItemGroup>
    <ClInclude Include="GameObject.h">
      <Filter>Header Files\Core</Filter>
    </ClInclude>
    <ClInclude Include="TestScene.h">
      <Filter>Header Files\Testing</Filter>
    </ClInclude>
    <ClInclude Include="Scene.h">
      <Filter>Header Files\Core</Filter>
    </ClInclude>
    <ClInclude Include="Input.h">
      <Filter>Header Files\Core</Filter>
    </ClInclude>
    <ClInclude Include="Camera.h">
      <Filter>Header Files\Core</Filter>
    </ClInclude>
    <ClInclude Include="Shaders.h">
      <Filter>Header Files\Rendering</Filter>
    </ClInclude>
    <ClInclude Include="TextRenderer.h">
      <Filter>Header Files\Rendering</Filter>
    </ClInclude>
    <ClInclude Include="ModelLoader.h">
      <Filter>Header Files\Assets</Filter>
    </ClInclude>
    <ClInclude Include="Mesh.h">
      <Filter>Header Files\Assets</Filter>
    </ClInclude>
    <ClInclude Include="GLCommandBuffer.h">
      <Filter>Header Files\Rendering\Api</Filter>
    </ClInclude>
    <ClInclude Include="GLFrameBuffer.h">
      <Filter>Header Files\Rendering\Api</Filter>
    </ClInclude>
    <ClInclude Include="GLResourcePool.h">
      <Filter>Header Files\Rendering\Api</Filter>
    </ClInclude>
    <ClInclude Include="GLTexture.h">
      <Filter>Header Files\Rendering\Api</Filter>
    </ClInclude>
    <ClInclude Include="GLPipeline.h">
      <Filter>Header Files\Rendering\Api</Filter>
    </ClInclude>
    <ClInclude Include="Shader.h">
      <Filter>Header Files\Rendering\Api</Filter>
    </ClInclude>
    <ClInclude Include="RenderGraph.h">
      <Filter>Header Files\Rendering\Graph</Filter>
    </ClInclude>
    <ClInclude Include="RenderPass.h">
      <Filter>Header Files\Rendering\Graph</Filter>
    </ClInclude>
    <ClInclude Include="RGBuilder.h">
      <Filter>Header Files\Rendering\Graph</Filter>
    </ClInclude>
    <ClInclude Include="RGRegistry.h">
      <Filter>Header Files\Rendering\Graph</Filter>
    </ClInclude>
    <ClInclude Include="GLResource.h">
      <Filter>Header Files\Rendering\Graph</Filter>
    </ClInclude>
    <ClInclude Include="ICommandBuffer.h">
      <Filter>Header Files\Interfaces</Filter>
    </ClInclude>
    <ClInclude Include="IResourcePool.h">
      <Filter>Header Files\Interfaces</Filter>
    </ClInclude>
    <ClInclude Include="GPUResource.h">
      <Filter>Header Files\Interfaces</Filter>
    </ClInclude>
    <ClInclude Include="RGResource.h">
      <Filter>Header Files\Rendering\Graph</Filter>
    </ClInclude>
    <ClInclude Include="Component.h">
      <Filter>Header Files\Core</Filter>
    </ClInclude>
  </ItemGroup>
  <ItemGroup>
    <None Include="sprite_frag.glsl">
      <Filter>Assets\Shaders</Filter>
    </None>
    <None Include="sprite_vertex.glsl">
      <Filter>Assets\Shaders</Filter>
    </None>
    <None Include="fractal_noise.glsl">
      <Filter>Assets\Shaders</Filter>
    </None>
  </ItemGroup>
</Project>