
Microsoft Visual Studio Solution File, Format Version 12.00
# Visual Studio Version 18
VisualStudioVersion = 18.2.11408.102 d18.0
MinimumVisualStudioVersion = 10.0.40219.1
Project("{8BC9CEB8-8B4A-11D0-8D11-00A0C91BC942}") = "coldstone", "coldstone\coldstone.vcxproj", "{3076C1DF-05F9-4D2F-95E4-DDE97593BD80}"
EndProject
Global
	GlobalSection(SolutionConfigurationPlatforms) = preSolution
		Release|x64 = Release|x64
	EndGlobalSection
	GlobalSection(ProjectConfigurationPlatforms) = postSolution
		{3076C1DF-05F9-4D2F-95E4-DDE97593BD80}.Release|x64.ActiveCfg = Release|x64
		{3076C1DF-05F9-4D2F-95E4-DDE97593BD80}.Release|x64.Build.0 = Release|x64
	EndGlobalSection
	GlobalSection(SolutionProperties) = preSolution
		HideSolutionNode = FALSE
	EndGlobalSection
	GlobalSection(ExtensibilityGlobals) = postSolution
		SolutionGuid = {42995A44-E425-4273-AD42-8B3B52B09062}
	EndGlobalSection
EndGlobal
